
Microsoft Visual Studio Solution File, Format Version 12.00
# Visual Studio Version 16
VisualStudioVersion = 16.0.29509.3
MinimumVisualStudioVersion = 10.0.40219.1
Project("{FAE04EC0-301F-11D3-BF4B-00C04F79EFBC}") = "SchoolsPortal", "SchoolsPortal.csproj", "{A2CDA254-273C-47B7-91FD-B36AEEACFC66}"
EndProject
Global
	GlobalSection(SolutionConfigurationPlatforms) = preSolution
		Debug|Any CPU = Debug|Any CPU
		Release|Any CPU = Release|Any CPU
	EndGlobalSection
	GlobalSection(ProjectConfigurationPlatforms) = postSolution
		{A2CDA254-273C-47B7-91FD-B36AEEACFC66}.Debug|Any CPU.ActiveCfg = Debug|Any CPU
		{A2CDA254-273C-47B7-91FD-B36AEEACFC66}.Debug|Any CPU.Build.0 = Debug|Any CPU
		{A2CDA254-273C-47B7-91FD-B36AEEACFC66}.Release|Any CPU.ActiveCfg = Release|Any CPU
		{A2CDA254-273C-47B7-91FD-B36AEEACFC66}.Release|Any CPU.Build.0 = Release|Any CPU
	EndGlobalSection
	GlobalSection(SolutionProperties) = preSolution
		HideSolutionNode = FALSE
	EndGlobalSection
	GlobalSection(ExtensibilityGlobals) = postSolution
		SolutionGuid = {EB5001F3-1A39-4DAF-BEE4-DD0A14744AE9}
	EndGlobalSection
EndGlobal
